
Microsoft Visual Studio Solution File, Format Version 12.00
# Visual Studio Version 17
VisualStudioVersion = 17.7.34031.279
MinimumVisualStudioVersion = 10.0.40219.1
Project("{FAE04EC0-301F-11D3-BF4B-00C04F79EFBC}") = "WAD.Backend.00015641", "WAD.Backend.00015641.csproj", "{5DF2872E-3EB2-4823-9F7B-E15450B82816}"
EndProject
Global
	GlobalSection(SolutionConfigurationPlatforms) = preSolution
		Debug|Any CPU = Debug|Any CPU
		Release|Any CPU = Release|Any CPU
	EndGlobalSection
	GlobalSection(ProjectConfigurationPlatforms) = postSolution
		{5DF2872E-3EB2-4823-9F7B-E15450B82816}.Debug|Any CPU.ActiveCfg = Debug|Any CPU
		{5DF2872E-3EB2-4823-9F7B-E15450B82816}.Debug|Any CPU.Build.0 = Debug|Any CPU
		{5DF2872E-3EB2-4823-9F7B-E15450B82816}.Release|Any CPU.ActiveCfg = Release|Any CPU
		{5DF2872E-3EB2-4823-9F7B-E15450B82816}.Release|Any CPU.Build.0 = Release|Any CPU
	EndGlobalSection
	GlobalSection(SolutionProperties) = preSolution
		HideSolutionNode = FALSE
	EndGlobalSection
	GlobalSection(ExtensibilityGlobals) = postSolution
		SolutionGuid = {FB8F73B2-0F98-4631-A580-1A7BA9B998AA}
	EndGlobalSection
EndGlobal
